// !$*UTF8*$!
{
	archiveVersion = 1;
	classes = {
	};
	objectVersion = 51;
	objects = {

/* Begin PBXBuildFile section */
		D5A2C0B9C40A50EDCB0737C1 /* Pods_BasicChat.framework in Frameworks */ = {isa = PBXBuildFile; fileRef = 7C72BEF47025EB45221C6138 /* Pods_BasicChat.framework */; };
		E251E52225E0D16600C8D265 /* AuthService.swift in Sources */ = {isa = PBXBuildFile; fileRef = E251E52125E0D16600C8D265 /* AuthService.swift */; };
		E252695B25DD848A00BFFCC8 /* LoginController.swift in Sources */ = {isa = PBXBuildFile; fileRef = E252695A25DD848A00BFFCC8 /* LoginController.swift */; };
		E252695E25DD849400BFFCC8 /* RegistrationController.swift in Sources */ = {isa = PBXBuildFile; fileRef = E252695D25DD849400BFFCC8 /* RegistrationController.swift */; };
		E252696825DD8C8900BFFCC8 /* Extensions.swift in Sources */ = {isa = PBXBuildFile; fileRef = E252696725DD8C8900BFFCC8 /* Extensions.swift */; };
		E262E03A25DEC9390091EEBB /* GoogleService-Info.plist in Resources */ = {isa = PBXBuildFile; fileRef = E262E03925DEC9390091EEBB /* GoogleService-Info.plist */; };
		E28879F625E1B96500308455 /* NewMessageController.swift in Sources */ = {isa = PBXBuildFile; fileRef = E28879F525E1B96500308455 /* NewMessageController.swift */; };
		E294F71925DCA99D00D4992C /* AppDelegate.swift in Sources */ = {isa = PBXBuildFile; fileRef = E294F71825DCA99D00D4992C /* AppDelegate.swift */; };
		E294F71B25DCA99D00D4992C /* SceneDelegate.swift in Sources */ = {isa = PBXBuildFile; fileRef = E294F71A25DCA99D00D4992C /* SceneDelegate.swift */; };
		E294F71D25DCA99D00D4992C /* ViewController.swift in Sources */ = {isa = PBXBuildFile; fileRef = E294F71C25DCA99D00D4992C /* ViewController.swift */; };
		E294F72025DCA99D00D4992C /* Main.storyboard in Resources */ = {isa = PBXBuildFile; fileRef = E294F71E25DCA99D00D4992C /* Main.storyboard */; };
		E294F72225DCA99D00D4992C /* Assets.xcassets in Resources */ = {isa = PBXBuildFile; fileRef = E294F72125DCA99D00D4992C /* Assets.xcassets */; };
		E294F72525DCA99D00D4992C /* LaunchScreen.storyboard in Resources */ = {isa = PBXBuildFile; fileRef = E294F72325DCA99D00D4992C /* LaunchScreen.storyboard */; };
		E294F73425DCAC3100D4992C /* ConversationsController.swift in Sources */ = {isa = PBXBuildFile; fileRef = E294F73325DCAC3100D4992C /* ConversationsController.swift */; };
		E2F4743F25DDA89000265A56 /* InputContainerView.swift in Sources */ = {isa = PBXBuildFile; fileRef = E2F4743E25DDA89000265A56 /* InputContainerView.swift */; };
		E2F4744225DDADB900265A56 /* CustomTextField.swift in Sources */ = {isa = PBXBuildFile; fileRef = E2F4744125DDADB900265A56 /* CustomTextField.swift */; };
		E2FE82B125DDCAB5008655CB /* LoginViewModel.swift in Sources */ = {isa = PBXBuildFile; fileRef = E2FE82B025DDCAB5008655CB /* LoginViewModel.swift */; };
		E2FE82B425DDED38008655CB /* RegistrationViewModel.swift in Sources */ = {isa = PBXBuildFile; fileRef = E2FE82B325DDED38008655CB /* RegistrationViewModel.swift */; };
/* End PBXBuildFile section */

/* Begin PBXFileReference section */
		57CAF98E7C26769E31DF727D /* Pods-BasicChat.debug.xcconfig */ = {isa = PBXFileReference; includeInIndex = 1; lastKnownFileType = text.xcconfig; name = "Pods-BasicChat.debug.xcconfig"; path = "Target Support Files/Pods-BasicChat/Pods-BasicChat.debug.xcconfig"; sourceTree = "<group>"; };
		7C72BEF47025EB45221C6138 /* Pods_BasicChat.framework */ = {isa = PBXFileReference; explicitFileType = wrapper.framework; includeInIndex = 0; path = Pods_BasicChat.framework; sourceTree = BUILT_PRODUCTS_DIR; };
		DABCEF72A27792CAAD4ADB38 /* Pods-BasicChat.release.xcconfig */ = {isa = PBXFileReference; includeInIndex = 1; lastKnownFileType = text.xcconfig; name = "Pods-BasicChat.release.xcconfig"; path = "Target Support Files/Pods-BasicChat/Pods-BasicChat.release.xcconfig"; sourceTree = "<group>"; };
		E251E52125E0D16600C8D265 /* AuthService.swift */ = {isa = PBXFileReference; lastKnownFileType = sourcecode.swift; path = AuthService.swift; sourceTree = "<group>"; };
		E252695A25DD848A00BFFCC8 /* LoginController.swift */ = {isa = PBXFileReference; lastKnownFileType = sourcecode.swift; path = LoginController.swift; sourceTree = "<group>"; };
		E252695D25DD849400BFFCC8 /* RegistrationController.swift */ = {isa = PBXFileReference; lastKnownFileType = sourcecode.swift; path = RegistrationController.swift; sourceTree = "<group>"; };
		E252696725DD8C8900BFFCC8 /* Extensions.swift */ = {isa = PBXFileReference; fileEncoding = 4; lastKnownFileType = sourcecode.swift; path = Extensions.swift; sourceTree = "<group>"; };
		E262E03925DEC9390091EEBB /* GoogleService-Info.plist */ = {isa = PBXFileReference; fileEncoding = 4; lastKnownFileType = text.plist.xml; path = "GoogleService-Info.plist"; sourceTree = "<group>"; };
		E28879F525E1B96500308455 /* NewMessageController.swift */ = {isa = PBXFileReference; lastKnownFileType = sourcecode.swift; path = NewMessageController.swift; sourceTree = "<group>"; };
		E294F71525DCA99D00D4992C /* BasicChat.app */ = {isa = PBXFileReference; explicitFileType = wrapper.application; includeInIndex = 0; path = BasicChat.app; sourceTree = BUILT_PRODUCTS_DIR; };
		E294F71825DCA99D00D4992C /* AppDelegate.swift */ = {isa = PBXFileReference; lastKnownFileType = sourcecode.swift; path = AppDelegate.swift; sourceTree = "<group>"; };
		E294F71A25DCA99D00D4992C /* SceneDelegate.swift */ = {isa = PBXFileReference; lastKnownFileType = sourcecode.swift; path = SceneDelegate.swift; sourceTree = "<group>"; };
		E294F71C25DCA99D00D4992C /* ViewController.swift */ = {isa = PBXFileReference; lastKnownFileType = sourcecode.swift; path = ViewController.swift; sourceTree = "<group>"; };
		E294F71F25DCA99D00D4992C /* Base */ = {isa = PBXFileReference; lastKnownFileType = file.storyboard; name = Base; path = Base.lproj/Main.storyboard; sourceTree = "<group>"; };
		E294F72125DCA99D00D4992C /* Assets.xcassets */ = {isa = PBXFileReference; lastKnownFileType = folder.assetcatalog; path = Assets.xcassets; sourceTree = "<group>"; };
		E294F72425DCA99D00D4992C /* Base */ = {isa = PBXFileReference; lastKnownFileType = file.storyboard; name = Base; path = Base.lproj/LaunchScreen.storyboard; sourceTree = "<group>"; };
		E294F72625DCA99D00D4992C /* Info.plist */ = {isa = PBXFileReference; lastKnownFileType = text.plist.xml; path = Info.plist; sourceTree = "<group>"; };
		E294F73325DCAC3100D4992C /* ConversationsController.swift */ = {isa = PBXFileReference; lastKnownFileType = sourcecode.swift; path = ConversationsController.swift; sourceTree = "<group>"; };
		E2F4743E25DDA89000265A56 /* InputContainerView.swift */ = {isa = PBXFileReference; lastKnownFileType = sourcecode.swift; path = InputContainerView.swift; sourceTree = "<group>"; };
		E2F4744125DDADB900265A56 /* CustomTextField.swift */ = {isa = PBXFileReference; lastKnownFileType = sourcecode.swift; path = CustomTextField.swift; sourceTree = "<group>"; };
		E2FE82B025DDCAB5008655CB /* LoginViewModel.swift */ = {isa = PBXFileReference; lastKnownFileType = sourcecode.swift; path = LoginViewModel.swift; sourceTree = "<group>"; };
		E2FE82B325DDED38008655CB /* RegistrationViewModel.swift */ = {isa = PBXFileReference; lastKnownFileType = sourcecode.swift; path = RegistrationViewModel.swift; sourceTree = "<group>"; };
/* End PBXFileReference section */

/* Begin PBXFrameworksBuildPhase section */
		E294F71225DCA99C00D4992C /* Frameworks */ = {
			isa = PBXFrameworksBuildPhase;
			buildActionMask = 2147483647;
			files = (
				D5A2C0B9C40A50EDCB0737C1 /* Pods_BasicChat.framework in Frameworks */,
			);
			runOnlyForDeploymentPostprocessing = 0;
		};
/* End PBXFrameworksBuildPhase section */

/* Begin PBXGroup section */
		150EE9A91E274D8CE45C9F4E /* Pods */ = {
			isa = PBXGroup;
			children = (
				57CAF98E7C26769E31DF727D /* Pods-BasicChat.debug.xcconfig */,
				DABCEF72A27792CAAD4ADB38 /* Pods-BasicChat.release.xcconfig */,
			);
			path = Pods;
			sourceTree = "<group>";
		};
		A55AD8D6E606B119A22876E6 /* Frameworks */ = {
			isa = PBXGroup;
			children = (
				7C72BEF47025EB45221C6138 /* Pods_BasicChat.framework */,
			);
			name = Frameworks;
			sourceTree = "<group>";
		};
		E252695925DD846300BFFCC8 /* Authentication */ = {
			isa = PBXGroup;
			children = (
				E252695A25DD848A00BFFCC8 /* LoginController.swift */,
				E252695D25DD849400BFFCC8 /* RegistrationController.swift */,
			);
			path = Authentication;
			sourceTree = "<group>";
		};
		E294F70C25DCA99C00D4992C = {
			isa = PBXGroup;
			children = (
				E294F71725DCA99D00D4992C /* BasicChat */,
				E294F71625DCA99D00D4992C /* Products */,
				150EE9A91E274D8CE45C9F4E /* Pods */,
				A55AD8D6E606B119A22876E6 /* Frameworks */,
			);
			sourceTree = "<group>";
		};
		E294F71625DCA99D00D4992C /* Products */ = {
			isa = PBXGroup;
			children = (
				E294F71525DCA99D00D4992C /* BasicChat.app */,
			);
			name = Products;
			sourceTree = "<group>";
		};
		E294F71725DCA99D00D4992C /* BasicChat */ = {
			isa = PBXGroup;
			children = (
				E294F73225DCA9CD00D4992C /* Model */,
				E294F73125DCA9CA00D4992C /* View */,
				E294F73025DCA9C400D4992C /* ViewModel */,
				E294F72F25DCA9C000D4992C /* Controller */,
				E294F72E25DCA9BD00D4992C /* API */,
				E294F72D25DCA9B600D4992C /* Utilities */,
				E294F71825DCA99D00D4992C /* AppDelegate.swift */,
				E294F71A25DCA99D00D4992C /* SceneDelegate.swift */,
				E294F71C25DCA99D00D4992C /* ViewController.swift */,
				E294F71E25DCA99D00D4992C /* Main.storyboard */,
				E294F72125DCA99D00D4992C /* Assets.xcassets */,
				E294F72325DCA99D00D4992C /* LaunchScreen.storyboard */,
				E262E03925DEC9390091EEBB /* GoogleService-Info.plist */,
				E294F72625DCA99D00D4992C /* Info.plist */,
			);
			path = BasicChat;
			sourceTree = "<group>";
		};
		E294F72D25DCA9B600D4992C /* Utilities */ = {
			isa = PBXGroup;
			children = (
				E252696725DD8C8900BFFCC8 /* Extensions.swift */,
			);
			path = Utilities;
			sourceTree = "<group>";
		};
		E294F72E25DCA9BD00D4992C /* API */ = {
			isa = PBXGroup;
			children = (
				E251E52125E0D16600C8D265 /* AuthService.swift */,
			);
			path = API;
			sourceTree = "<group>";
		};
		E294F72F25DCA9C000D4992C /* Controller */ = {
			isa = PBXGroup;
			children = (
				E28879F525E1B96500308455 /* NewMessageController.swift */,
				E294F73325DCAC3100D4992C /* ConversationsController.swift */,
				E252695925DD846300BFFCC8 /* Authentication */,
			);
			path = Controller;
			sourceTree = "<group>";
		};
		E294F73025DCA9C400D4992C /* ViewModel */ = {
			isa = PBXGroup;
			children = (
				E2FE82B025DDCAB5008655CB /* LoginViewModel.swift */,
				E2FE82B325DDED38008655CB /* RegistrationViewModel.swift */,
			);
			path = ViewModel;
			sourceTree = "<group>";
		};
		E294F73125DCA9CA00D4992C /* View */ = {
			isa = PBXGroup;
			children = (
				E2F4743E25DDA89000265A56 /* InputContainerView.swift */,
				E2F4744125DDADB900265A56 /* CustomTextField.swift */,
			);
			path = View;
			sourceTree = "<group>";
		};
		E294F73225DCA9CD00D4992C /* Model */ = {
			isa = PBXGroup;
			children = (
			);
			path = Model;
			sourceTree = "<group>";
		};
/* End PBXGroup section */

/* Begin PBXNativeTarget section */
		E294F71425DCA99C00D4992C /* BasicChat */ = {
			isa = PBXNativeTarget;
			buildConfigurationList = E294F72925DCA99D00D4992C /* Build configuration list for PBXNativeTarget "BasicChat" */;
			buildPhases = (
				4811F9628A68733CEDD2836D /* [CP] Check Pods Manifest.lock */,
				E294F71125DCA99C00D4992C /* Sources */,
				E294F71225DCA99C00D4992C /* Frameworks */,
				E294F71325DCA99C00D4992C /* Resources */,
				031362A8A27651855A02A46E /* [CP] Embed Pods Frameworks */,
			);
			buildRules = (
			);
			dependencies = (
			);
			name = BasicChat;
			productName = BasicChat;
			productReference = E294F71525DCA99D00D4992C /* BasicChat.app */;
			productType = "com.apple.product-type.application";
		};
/* End PBXNativeTarget section */

/* Begin PBXProject section */
		E294F70D25DCA99C00D4992C /* Project object */ = {
			isa = PBXProject;
			attributes = {
				LastSwiftUpdateCheck = 1240;
				LastUpgradeCheck = 1240;
				TargetAttributes = {
					E294F71425DCA99C00D4992C = {
						CreatedOnToolsVersion = 12.4;
					};
				};
			};
			buildConfigurationList = E294F71025DCA99C00D4992C /* Build configuration list for PBXProject "BasicChat" */;
			compatibilityVersion = "Xcode 9.3";
			developmentRegion = en;
			hasScannedForEncodings = 0;
			knownRegions = (
				en,
				Base,
			);
			mainGroup = E294F70C25DCA99C00D4992C;
			productRefGroup = E294F71625DCA99D00D4992C /* Products */;
			projectDirPath = "";
			projectRoot = "";
			targets = (
				E294F71425DCA99C00D4992C /* BasicChat */,
			);
		};
/* End PBXProject section */

/* Begin PBXResourcesBuildPhase section */
		E294F71325DCA99C00D4992C /* Resources */ = {
			isa = PBXResourcesBuildPhase;
			buildActionMask = 2147483647;
			files = (
				E294F72525DCA99D00D4992C /* LaunchScreen.storyboard in Resources */,
				E262E03A25DEC9390091EEBB /* GoogleService-Info.plist in Resources */,
				E294F72225DCA99D00D4992C /* Assets.xcassets in Resources */,
				E294F72025DCA99D00D4992C /* Main.storyboard in Resources */,
			);
			runOnlyForDeploymentPostprocessing = 0;
		};
/* End PBXResourcesBuildPhase section */

/* Begin PBXShellScriptBuildPhase section */
		031362A8A27651855A02A46E /* [CP] Embed Pods Frameworks */ = {
			isa = PBXShellScriptBuildPhase;
			buildActionMask = 2147483647;
			files = (
			);
			inputFileListPaths = (
				"${PODS_ROOT}/Target Support Files/Pods-BasicChat/Pods-BasicChat-frameworks-${CONFIGURATION}-input-files.xcfilelist",
			);
			name = "[CP] Embed Pods Frameworks";
			outputFileListPaths = (
				"${PODS_ROOT}/Target Support Files/Pods-BasicChat/Pods-BasicChat-frameworks-${CONFIGURATION}-output-files.xcfilelist",
			);
			runOnlyForDeploymentPostprocessing = 0;
			shellPath = /bin/sh;
			shellScript = "\"${PODS_ROOT}/Target Support Files/Pods-BasicChat/Pods-BasicChat-frameworks.sh\"\n";
			showEnvVarsInLog = 0;
		};
		4811F9628A68733CEDD2836D /* [CP] Check Pods Manifest.lock */ = {
			isa = PBXShellScriptBuildPhase;
			buildActionMask = 2147483647;
			files = (
			);
			inputFileListPaths = (
			);
			inputPaths = (
				"${PODS_PODFILE_DIR_PATH}/Podfile.lock",
				"${PODS_ROOT}/Manifest.lock",
			);
			name = "[CP] Check Pods Manifest.lock";
			outputFileListPaths = (
			);
			outputPaths = (
				"$(DERIVED_FILE_DIR)/Pods-BasicChat-checkManifestLockResult.txt",
			);
			runOnlyForDeploymentPostprocessing = 0;
			shellPath = /bin/sh;
			shellScript = "diff \"${PODS_PODFILE_DIR_PATH}/Podfile.lock\" \"${PODS_ROOT}/Manifest.lock\" > /dev/null\nif [ $? != 0 ] ; then\n    # print error to STDERR\n    echo \"error: The sandbox is not in sync with the Podfile.lock. Run 'pod install' or update your CocoaPods installation.\" >&2\n    exit 1\nfi\n# This output is used by Xcode 'outputs' to avoid re-running this script phase.\necho \"SUCCESS\" > \"${SCRIPT_OUTPUT_FILE_0}\"\n";
			showEnvVarsInLog = 0;
		};
/* End PBXShellScriptBuildPhase section */

/* Begin PBXSourcesBuildPhase section */
		E294F71125DCA99C00D4992C /* Sources */ = {
			isa = PBXSourcesBuildPhase;
			buildActionMask = 2147483647;
			files = (
				E252696825DD8C8900BFFCC8 /* Extensions.swift in Sources */,
				E2FE82B425DDED38008655CB /* RegistrationViewModel.swift in Sources */,
				E2F4743F25DDA89000265A56 /* InputContainerView.swift in Sources */,
				E251E52225E0D16600C8D265 /* AuthService.swift in Sources */,
				E294F71D25DCA99D00D4992C /* ViewController.swift in Sources */,
				E294F71925DCA99D00D4992C /* AppDelegate.swift in Sources */,
				E294F73425DCAC3100D4992C /* ConversationsController.swift in Sources */,
				E294F71B25DCA99D00D4992C /* SceneDelegate.swift in Sources */,
				E252695E25DD849400BFFCC8 /* RegistrationController.swift in Sources */,
				E252695B25DD848A00BFFCC8 /* LoginController.swift in Sources */,
				E2FE82B125DDCAB5008655CB /* LoginViewModel.swift in Sources */,
				E2F4744225DDADB900265A56 /* CustomTextField.swift in Sources */,
				E28879F625E1B96500308455 /* NewMessageController.swift in Sources */,
			);
			runOnlyForDeploymentPostprocessing = 0;
		};
/* End PBXSourcesBuildPhase section */

/* Begin PBXVariantGroup section */
		E294F71E25DCA99D00D4992C /* Main.storyboard */ = {
			isa = PBXVariantGroup;
			children = (
				E294F71F25DCA99D00D4992C /* Base */,
			);
			name = Main.storyboard;
			sourceTree = "<group>";
		};
		E294F72325DCA99D00D4992C /* LaunchScreen.storyboard */ = {
			isa = PBXVariantGroup;
			children = (
				E294F72425DCA99D00D4992C /* Base */,
			);
			name = LaunchScreen.storyboard;
			sourceTree = "<group>";
		};
/* End PBXVariantGroup section */

/* Begin XCBuildConfiguration section */
		E294F72725DCA99D00D4992C /* Debug */ = {
			isa = XCBuildConfiguration;
			buildSettings = {
				ALWAYS_SEARCH_USER_PATHS = NO;
				CLANG_ANALYZER_NONNULL = YES;
				CLANG_ANALYZER_NUMBER_OBJECT_CONVERSION = YES_AGGRESSIVE;
				CLANG_CXX_LANGUAGE_STANDARD = "gnu++14";
				CLANG_CXX_LIBRARY = "libc++";
				CLANG_ENABLE_MODULES = YES;
				CLANG_ENABLE_OBJC_ARC = YES;
				CLANG_ENABLE_OBJC_WEAK = YES;
				CLANG_WARN_BLOCK_CAPTURE_AUTORELEASING = YES;
				CLANG_WARN_BOOL_CONVERSION = YES;
				CLANG_WARN_COMMA = YES;
				CLANG_WARN_CONSTANT_CONVERSION = YES;
				CLANG_WARN_DEPRECATED_OBJC_IMPLEMENTATIONS = YES;
				CLANG_WARN_DIRECT_OBJC_ISA_USAGE = YES_ERROR;
				CLANG_WARN_DOCUMENTATION_COMMENTS = YES;
				CLANG_WARN_EMPTY_BODY = YES;
				CLANG_WARN_ENUM_CONVERSION = YES;
				CLANG_WARN_INFINITE_RECURSION = YES;
				CLANG_WARN_INT_CONVERSION = YES;
				CLANG_WARN_NON_LITERAL_NULL_CONVERSION = YES;
				CLANG_WARN_OBJC_IMPLICIT_RETAIN_SELF = YES;
				CLANG_WARN_OBJC_LITERAL_CONVERSION = YES;
				CLANG_WARN_OBJC_ROOT_CLASS = YES_ERROR;
				CLANG_WARN_QUOTED_INCLUDE_IN_FRAMEWORK_HEADER = YES;
				CLANG_WARN_RANGE_LOOP_ANALYSIS = YES;
				CLANG_WARN_STRICT_PROTOTYPES = YES;
				CLANG_WARN_SUSPICIOUS_MOVE = YES;
				CLANG_WARN_UNGUARDED_AVAILABILITY = YES_AGGRESSIVE;
				CLANG_WARN_UNREACHABLE_CODE = YES;
				CLANG_WARN__DUPLICATE_METHOD_MATCH = YES;
				COPY_PHASE_STRIP = NO;
				DEBUG_INFORMATION_FORMAT = dwarf;
				ENABLE_STRICT_OBJC_MSGSEND = YES;
				ENABLE_TESTABILITY = YES;
				GCC_C_LANGUAGE_STANDARD = gnu11;
				GCC_DYNAMIC_NO_PIC = NO;
				GCC_NO_COMMON_BLOCKS = YES;
				GCC_OPTIMIZATION_LEVEL = 0;
				GCC_PREPROCESSOR_DEFINITIONS = (
					"DEBUG=1",
					"$(inherited)",
				);
				GCC_WARN_64_TO_32_BIT_CONVERSION = YES;
				GCC_WARN_ABOUT_RETURN_TYPE = YES_ERROR;
				GCC_WARN_UNDECLARED_SELECTOR = YES;
				GCC_WARN_UNINITIALIZED_AUTOS = YES_AGGRESSIVE;
				GCC_WARN_UNUSED_FUNCTION = YES;
				GCC_WARN_UNUSED_VARIABLE = YES;
				IPHONEOS_DEPLOYMENT_TARGET = 14.4;
				MTL_ENABLE_DEBUG_INFO = INCLUDE_SOURCE;
				MTL_FAST_MATH = YES;
				ONLY_ACTIVE_ARCH = YES;
				SDKROOT = iphoneos;
				SWIFT_ACTIVE_COMPILATION_CONDITIONS = DEBUG;
				SWIFT_OPTIMIZATION_LEVEL = "-Onone";
			};
			name = Debug;
		};
		E294F72825DCA99D00D4992C /* Release */ = {
			isa = XCBuildConfiguration;
			buildSettings = {
				ALWAYS_SEARCH_USER_PATHS = NO;
				CLANG_ANALYZER_NONNULL = YES;
				CLANG_ANALYZER_NUMBER_OBJECT_CONVERSION = YES_AGGRESSIVE;
				CLANG_CXX_LANGUAGE_STANDARD = "gnu++14";
				CLANG_CXX_LIBRARY = "libc++";
				CLANG_ENABLE_MODULES = YES;
				CLANG_ENABLE_OBJC_ARC = YES;
				CLANG_ENABLE_OBJC_WEAK = YES;
				CLANG_WARN_BLOCK_CAPTURE_AUTORELEASING = YES;
				CLANG_WARN_BOOL_CONVERSION = YES;
				CLANG_WARN_COMMA = YES;
				CLANG_WARN_CONSTANT_CONVERSION = YES;
				CLANG_WARN_DEPRECATED_OBJC_IMPLEMENTATIONS = YES;
				CLANG_WARN_DIRECT_OBJC_ISA_USAGE = YES_ERROR;
				CLANG_WARN_DOCUMENTATION_COMMENTS = YES;
				CLANG_WARN_EMPTY_BODY = YES;
				CLANG_WARN_ENUM_CONVERSION = YES;
				CLANG_WARN_INFINITE_RECURSION = YES;
				CLANG_WARN_INT_CONVERSION = YES;
				CLANG_WARN_NON_LITERAL_NULL_CONVERSION = YES;
				CLANG_WARN_OBJC_IMPLICIT_RETAIN_SELF = YES;
				CLANG_WARN_OBJC_LITERAL_CONVERSION = YES;
				CLANG_WARN_OBJC_ROOT_CLASS = YES_ERROR;
				CLANG_WARN_QUOTED_INCLUDE_IN_FRAMEWORK_HEADER = YES;
				CLANG_WARN_RANGE_LOOP_ANALYSIS = YES;
				CLANG_WARN_STRICT_PROTOTYPES = YES;
				CLANG_WARN_SUSPICIOUS_MOVE = YES;
				CLANG_WARN_UNGUARDED_AVAILABILITY = YES_AGGRESSIVE;
				CLANG_WARN_UNREACHABLE_CODE = YES;
				CLANG_WARN__DUPLICATE_METHOD_MATCH = YES;
				COPY_PHASE_STRIP = NO;
				DEBUG_INFORMATION_FORMAT = "dwarf-with-dsym";
				ENABLE_NS_ASSERTIONS = NO;
				ENABLE_STRICT_OBJC_MSGSEND = YES;
				GCC_C_LANGUAGE_STANDARD = gnu11;
				GCC_NO_COMMON_BLOCKS = YES;
				GCC_WARN_64_TO_32_BIT_CONVERSION = YES;
				GCC_WARN_ABOUT_RETURN_TYPE = YES_ERROR;
				GCC_WARN_UNDECLARED_SELECTOR = YES;
				GCC_WARN_UNINITIALIZED_AUTOS = YES_AGGRESSIVE;
				GCC_WARN_UNUSED_FUNCTION = YES;
				GCC_WARN_UNUSED_VARIABLE = YES;
				IPHONEOS_DEPLOYMENT_TARGET = 14.4;
				MTL_ENABLE_DEBUG_INFO = NO;
				MTL_FAST_MATH = YES;
				SDKROOT = iphoneos;
				SWIFT_COMPILATION_MODE = wholemodule;
				SWIFT_OPTIMIZATION_LEVEL = "-O";
				VALIDATE_PRODUCT = YES;
			};
			name = Release;
		};
		E294F72A25DCA99D00D4992C /* Debug */ = {
			isa = XCBuildConfiguration;
			baseConfigurationReference = 57CAF98E7C26769E31DF727D /* Pods-BasicChat.debug.xcconfig */;
			buildSettings = {
				ASSETCATALOG_COMPILER_APPICON_NAME = AppIcon;
				ASSETCATALOG_COMPILER_GLOBAL_ACCENT_COLOR_NAME = AccentColor;
				CODE_SIGN_STYLE = Automatic;
				INFOPLIST_FILE = BasicChat/Info.plist;
				IPHONEOS_DEPLOYMENT_TARGET = 14.4;
				LD_RUNPATH_SEARCH_PATHS = (
					"$(inherited)",
					"@executable_path/Frameworks",
				);
				PRODUCT_BUNDLE_IDENTIFIER = agile.new.com.BasicChat;
				PRODUCT_NAME = "$(TARGET_NAME)";
				SWIFT_VERSION = 5.0;
				TARGETED_DEVICE_FAMILY = "1,2";
			};
			name = Debug;
		};
		E294F72B25DCA99D00D4992C /* Release */ = {
			isa = XCBuildConfiguration;
			baseConfigurationReference = DABCEF72A27792CAAD4ADB38 /* Pods-BasicChat.release.xcconfig */;
			buildSettings = {
				ASSETCATALOG_COMPILER_APPICON_NAME = AppIcon;
				ASSETCATALOG_COMPILER_GLOBAL_ACCENT_COLOR_NAME = AccentColor;
				CODE_SIGN_STYLE = Automatic;
				INFOPLIST_FILE = BasicChat/Info.plist;
				IPHONEOS_DEPLOYMENT_TARGET = 14.4;
				LD_RUNPATH_SEARCH_PATHS = (
					"$(inherited)",
					"@executable_path/Frameworks",
				);
				PRODUCT_BUNDLE_IDENTIFIER = agile.new.com.BasicChat;
				PRODUCT_NAME = "$(TARGET_NAME)";
				SWIFT_VERSION = 5.0;
				TARGETED_DEVICE_FAMILY = "1,2";
			};
			name = Release;
		};
/* End XCBuildConfiguration section */

/* Begin XCConfigurationList section */
		E294F71025DCA99C00D4992C /* Build configuration list for PBXProject "BasicChat" */ = {
			isa = XCConfigurationList;
			buildConfigurations = (
				E294F72725DCA99D00D4992C /* Debug */,
				E294F72825DCA99D00D4992C /* Release */,
			);
			defaultConfigurationIsVisible = 0;
			defaultConfigurationName = Release;
		};
		E294F72925DCA99D00D4992C /* Build configuration list for PBXNativeTarget "BasicChat" */ = {
			isa = XCConfigurationList;
			buildConfigurations = (
				E294F72A25DCA99D00D4992C /* Debug */,
				E294F72B25DCA99D00D4992C /* Release */,
			);
			defaultConfigurationIsVisible = 0;
			defaultConfigurationName = Release;
		};
/* End XCConfigurationList section */
	};
	rootObject = E294F70D25DCA99C00D4992C /* Project object */;
}
